
Microsoft Visual Studio Solution File, Format Version 12.00
# Visual Studio Version 16
VisualStudioVersion = 16.0.30907.101
MinimumVisualStudioVersion = 10.0.40219.1
Project("{FAE04EC0-301F-11D3-BF4B-00C04F79EFBC}") = "Shared.WebComponents", "Shared.WebComponents\Shared.WebComponents.csproj", "{D8DAAD4E-A96B-4C09-81F3-94FF7A11E9A7}"
EndProject
Project("{2150E333-8FDC-42A3-9474-1A3956D46DE8}") = "Solution Items", "Solution Items", "{01F8CC88-543E-4495-976B-6B216209D0DE}"
	ProjectSection(SolutionItems) = preProject
		.gitignore = .gitignore
		README.md = README.md
	EndProjectSection
EndProject
Project("{FAE04EC0-301F-11D3-BF4B-00C04F79EFBC}") = "ProjectWebApplication", "ProjectWebApplication\ProjectWebApplication.csproj", "{82EE8C8E-BEA0-4601-997D-F4ECA3B54794}"
EndProject
Global
	GlobalSection(SolutionConfigurationPlatforms) = preSolution
		Debug|Any CPU = Debug|Any CPU
		Release|Any CPU = Release|Any CPU
	EndGlobalSection
	GlobalSection(ProjectConfigurationPlatforms) = postSolution
		{D8DAAD4E-A96B-4C09-81F3-94FF7A11E9A7}.Debug|Any CPU.ActiveCfg = Debug|Any CPU
		{D8DAAD4E-A96B-4C09-81F3-94FF7A11E9A7}.Debug|Any CPU.Build.0 = Debug|Any CPU
		{D8DAAD4E-A96B-4C09-81F3-94FF7A11E9A7}.Release|Any CPU.ActiveCfg = Release|Any CPU
		{D8DAAD4E-A96B-4C09-81F3-94FF7A11E9A7}.Release|Any CPU.Build.0 = Release|Any CPU
		{82EE8C8E-BEA0-4601-997D-F4ECA3B54794}.Debug|Any CPU.ActiveCfg = Debug|Any CPU
		{82EE8C8E-BEA0-4601-997D-F4ECA3B54794}.Debug|Any CPU.Build.0 = Debug|Any CPU
		{82EE8C8E-BEA0-4601-997D-F4ECA3B54794}.Release|Any CPU.ActiveCfg = Release|Any CPU
		{82EE8C8E-BEA0-4601-997D-F4ECA3B54794}.Release|Any CPU.Build.0 = Release|Any CPU
	EndGlobalSection
	GlobalSection(SolutionProperties) = preSolution
		HideSolutionNode = FALSE
	EndGlobalSection
	GlobalSection(ExtensibilityGlobals) = postSolution
		SolutionGuid = {C19EF1F2-98A2-45DC-B8E7-7F30809D166A}
	EndGlobalSection
EndGlobal
